
Microsoft Visual Studio Solution File, Format Version 12.00
# Visual Studio Version 16
VisualStudioVersion = 16.0.31729.503
MinimumVisualStudioVersion = 10.0.40219.1
Project("{FAE04EC0-301F-11D3-BF4B-00C04F79EFBC}") = "KitapKesifleri", "KitapKesifleri.csproj", "{59B8F202-0E13-4944-BB04-8BB656578621}"
EndProject
Global
	GlobalSection(SolutionConfigurationPlatforms) = preSolution
		Debug|Any CPU = Debug|Any CPU
		Release|Any CPU = Release|Any CPU
	EndGlobalSection
	GlobalSection(ProjectConfigurationPlatforms) = postSolution
		{59B8F202-0E13-4944-BB04-8BB656578621}.Debug|Any CPU.ActiveCfg = Debug|Any CPU
		{59B8F202-0E13-4944-BB04-8BB656578621}.Debug|Any CPU.Build.0 = Debug|Any CPU
		{59B8F202-0E13-4944-BB04-8BB656578621}.Release|Any CPU.ActiveCfg = Release|Any CPU
		{59B8F202-0E13-4944-BB04-8BB656578621}.Release|Any CPU.Build.0 = Release|Any CPU
	EndGlobalSection
	GlobalSection(SolutionProperties) = preSolution
		HideSolutionNode = FALSE
	EndGlobalSection
	GlobalSection(ExtensibilityGlobals) = postSolution
		SolutionGuid = {7996CE0B-CEBC-49F2-B25D-53AC516F49D1}
	EndGlobalSection
EndGlobal
