
Microsoft Visual Studio Solution File, Format Version 12.00
# Visual Studio Version 16
VisualStudioVersion = 16.0.31729.503
MinimumVisualStudioVersion = 10.0.40219.1
Project("{FAE04EC0-301F-11D3-BF4B-00C04F79EFBC}") = "denemeee", "denemeee.csproj", "{CF2384CE-6E37-46F3-BD59-0F8A1C628EEF}"
EndProject
Global
	GlobalSection(SolutionConfigurationPlatforms) = preSolution
		Debug|Any CPU = Debug|Any CPU
		Release|Any CPU = Release|Any CPU
	EndGlobalSection
	GlobalSection(ProjectConfigurationPlatforms) = postSolution
		{CF2384CE-6E37-46F3-BD59-0F8A1C628EEF}.Debug|Any CPU.ActiveCfg = Debug|Any CPU
		{CF2384CE-6E37-46F3-BD59-0F8A1C628EEF}.Debug|Any CPU.Build.0 = Debug|Any CPU
		{CF2384CE-6E37-46F3-BD59-0F8A1C628EEF}.Release|Any CPU.ActiveCfg = Release|Any CPU
		{CF2384CE-6E37-46F3-BD59-0F8A1C628EEF}.Release|Any CPU.Build.0 = Release|Any CPU
	EndGlobalSection
	GlobalSection(SolutionProperties) = preSolution
		HideSolutionNode = FALSE
	EndGlobalSection
	GlobalSection(ExtensibilityGlobals) = postSolution
		SolutionGuid = {12981C9E-961A-4049-9FB0-775F1591B38B}
	EndGlobalSection
EndGlobal
